// !$*UTF8*$!
{
	archiveVersion = 1;
	classes = {
	};
	objectVersion = 55;
	objects = {

/* Begin PBXBuildFile section */
		3E629F3728BCAD86000FBAF9 /* AppDelegate.swift in Sources */ = {isa = PBXBuildFile; fileRef = 3E629F3628BCAD86000FBAF9 /* AppDelegate.swift */; };
		3E629F3928BCAD86000FBAF9 /* SceneDelegate.swift in Sources */ = {isa = PBXBuildFile; fileRef = 3E629F3828BCAD86000FBAF9 /* SceneDelegate.swift */; };
		3E629F3E28BCAD86000FBAF9 /* Main.storyboard in Resources */ = {isa = PBXBuildFile; fileRef = 3E629F3C28BCAD86000FBAF9 /* Main.storyboard */; };
		3E629F4028BCAD88000FBAF9 /* Assets.xcassets in Resources */ = {isa = PBXBuildFile; fileRef = 3E629F3F28BCAD88000FBAF9 /* Assets.xcassets */; };
		3E629F4328BCAD88000FBAF9 /* LaunchScreen.storyboard in Resources */ = {isa = PBXBuildFile; fileRef = 3E629F4128BCAD88000FBAF9 /* LaunchScreen.storyboard */; };
		3E629F4B28BCB2B1000FBAF9 /* ListTableVC.swift in Sources */ = {isa = PBXBuildFile; fileRef = 3E629F4A28BCB2B1000FBAF9 /* ListTableVC.swift */; };
		3E629F5128BCCABB000FBAF9 /* Constant.swift in Sources */ = {isa = PBXBuildFile; fileRef = 3E629F5028BCCABB000FBAF9 /* Constant.swift */; };
		3E629F5328BCCB98000FBAF9 /* NetworkWeatherManager.swift in Sources */ = {isa = PBXBuildFile; fileRef = 3E629F5228BCCB98000FBAF9 /* NetworkWeatherManager.swift */; };
		3E629F5528BCCF30000FBAF9 /* WeatherData.swift in Sources */ = {isa = PBXBuildFile; fileRef = 3E629F5428BCCF30000FBAF9 /* WeatherData.swift */; };
		3E629F5728BCD692000FBAF9 /* Weather.swift in Sources */ = {isa = PBXBuildFile; fileRef = 3E629F5628BCD692000FBAF9 /* Weather.swift */; };
		3E629F5928BCEAB2000FBAF9 /* GetCitesWeather.swift in Sources */ = {isa = PBXBuildFile; fileRef = 3E629F5828BCEAB2000FBAF9 /* GetCitesWeather.swift */; };
		3E629F5B28BD0C4C000FBAF9 /* ListCell.swift in Sources */ = {isa = PBXBuildFile; fileRef = 3E629F5A28BD0C4C000FBAF9 /* ListCell.swift */; };
/* End PBXBuildFile section */

/* Begin PBXFileReference section */
		3E629F3328BCAD86000FBAF9 /* WeatherTestTask.app */ = {isa = PBXFileReference; explicitFileType = wrapper.application; includeInIndex = 0; path = WeatherTestTask.app; sourceTree = BUILT_PRODUCTS_DIR; };
		3E629F3628BCAD86000FBAF9 /* AppDelegate.swift */ = {isa = PBXFileReference; lastKnownFileType = sourcecode.swift; path = AppDelegate.swift; sourceTree = "<group>"; };
		3E629F3828BCAD86000FBAF9 /* SceneDelegate.swift */ = {isa = PBXFileReference; lastKnownFileType = sourcecode.swift; path = SceneDelegate.swift; sourceTree = "<group>"; };
		3E629F3D28BCAD86000FBAF9 /* Base */ = {isa = PBXFileReference; lastKnownFileType = file.storyboard; name = Base; path = Base.lproj/Main.storyboard; sourceTree = "<group>"; };
		3E629F3F28BCAD88000FBAF9 /* Assets.xcassets */ = {isa = PBXFileReference; lastKnownFileType = folder.assetcatalog; path = Assets.xcassets; sourceTree = "<group>"; };
		3E629F4228BCAD88000FBAF9 /* Base */ = {isa = PBXFileReference; lastKnownFileType = file.storyboard; name = Base; path = Base.lproj/LaunchScreen.storyboard; sourceTree = "<group>"; };
		3E629F4428BCAD88000FBAF9 /* Info.plist */ = {isa = PBXFileReference; lastKnownFileType = text.plist.xml; path = Info.plist; sourceTree = "<group>"; };
		3E629F4A28BCB2B1000FBAF9 /* ListTableVC.swift */ = {isa = PBXFileReference; lastKnownFileType = sourcecode.swift; path = ListTableVC.swift; sourceTree = "<group>"; };
		3E629F5028BCCABB000FBAF9 /* Constant.swift */ = {isa = PBXFileReference; lastKnownFileType = sourcecode.swift; path = Constant.swift; sourceTree = "<group>"; };
		3E629F5228BCCB98000FBAF9 /* NetworkWeatherManager.swift */ = {isa = PBXFileReference; lastKnownFileType = sourcecode.swift; path = NetworkWeatherManager.swift; sourceTree = "<group>"; };
		3E629F5428BCCF30000FBAF9 /* WeatherData.swift */ = {isa = PBXFileReference; lastKnownFileType = sourcecode.swift; path = WeatherData.swift; sourceTree = "<group>"; };
		3E629F5628BCD692000FBAF9 /* Weather.swift */ = {isa = PBXFileReference; lastKnownFileType = sourcecode.swift; path = Weather.swift; sourceTree = "<group>"; };
		3E629F5828BCEAB2000FBAF9 /* GetCitesWeather.swift */ = {isa = PBXFileReference; lastKnownFileType = sourcecode.swift; path = GetCitesWeather.swift; sourceTree = "<group>"; };
		3E629F5A28BD0C4C000FBAF9 /* ListCell.swift */ = {isa = PBXFileReference; lastKnownFileType = sourcecode.swift; path = ListCell.swift; sourceTree = "<group>"; };
/* End PBXFileReference section */

/* Begin PBXFrameworksBuildPhase section */
		3E629F3028BCAD86000FBAF9 /* Frameworks */ = {
			isa = PBXFrameworksBuildPhase;
			buildActionMask = 2147483647;
			files = (
			);
			runOnlyForDeploymentPostprocessing = 0;
		};
/* End PBXFrameworksBuildPhase section */

/* Begin PBXGroup section */
		3E629F2A28BCAD86000FBAF9 = {
			isa = PBXGroup;
			children = (
				3E629F3528BCAD86000FBAF9 /* WeatherTestTask */,
				3E629F3428BCAD86000FBAF9 /* Products */,
			);
			sourceTree = "<group>";
		};
		3E629F3428BCAD86000FBAF9 /* Products */ = {
			isa = PBXGroup;
			children = (
				3E629F3328BCAD86000FBAF9 /* WeatherTestTask.app */,
			);
			name = Products;
			sourceTree = "<group>";
		};
		3E629F3528BCAD86000FBAF9 /* WeatherTestTask */ = {
			isa = PBXGroup;
			children = (
				3E629F4F28BCCA53000FBAF9 /* Model */,
				3E629F4D28BCCA1C000FBAF9 /* Supporting files */,
				3E629F4E28BCCA3F000FBAF9 /* View */,
				3E629F4428BCAD88000FBAF9 /* Info.plist */,
			);
			path = WeatherTestTask;
			sourceTree = "<group>";
		};
		3E629F4D28BCCA1C000FBAF9 /* Supporting files */ = {
			isa = PBXGroup;
			children = (
				3E629F3628BCAD86000FBAF9 /* AppDelegate.swift */,
				3E629F3828BCAD86000FBAF9 /* SceneDelegate.swift */,
				3E629F5028BCCABB000FBAF9 /* Constant.swift */,
				3E629F3F28BCAD88000FBAF9 /* Assets.xcassets */,
			);
			path = "Supporting files";
			sourceTree = "<group>";
		};
		3E629F4E28BCCA3F000FBAF9 /* View */ = {
			isa = PBXGroup;
			children = (
				3E629F4A28BCB2B1000FBAF9 /* ListTableVC.swift */,
				3E629F3C28BCAD86000FBAF9 /* Main.storyboard */,
				3E629F4128BCAD88000FBAF9 /* LaunchScreen.storyboard */,
			);
			path = View;
			sourceTree = "<group>";
		};
		3E629F4F28BCCA53000FBAF9 /* Model */ = {
			isa = PBXGroup;
			children = (
				3E629F5228BCCB98000FBAF9 /* NetworkWeatherManager.swift */,
				3E629F5428BCCF30000FBAF9 /* WeatherData.swift */,
				3E629F5628BCD692000FBAF9 /* Weather.swift */,
				3E629F5828BCEAB2000FBAF9 /* GetCitesWeather.swift */,
				3E629F5A28BD0C4C000FBAF9 /* ListCell.swift */,
			);
			path = Model;
			sourceTree = "<group>";
		};
/* End PBXGroup section */

/* Begin PBXNativeTarget section */
		3E629F3228BCAD86000FBAF9 /* WeatherTestTask */ = {
			isa = PBXNativeTarget;
			buildConfigurationList = 3E629F4728BCAD88000FBAF9 /* Build configuration list for PBXNativeTarget "WeatherTestTask" */;
			buildPhases = (
				3E629F2F28BCAD86000FBAF9 /* Sources */,
				3E629F3028BCAD86000FBAF9 /* Frameworks */,
				3E629F3128BCAD86000FBAF9 /* Resources */,
			);
			buildRules = (
			);
			dependencies = (
			);
			name = WeatherTestTask;
			productName = WeatherTestTask;
			productReference = 3E629F3328BCAD86000FBAF9 /* WeatherTestTask.app */;
			productType = "com.apple.product-type.application";
		};
/* End PBXNativeTarget section */

/* Begin PBXProject section */
		3E629F2B28BCAD86000FBAF9 /* Project object */ = {
			isa = PBXProject;
			attributes = {
				BuildIndependentTargetsInParallel = 1;
				LastSwiftUpdateCheck = 1340;
				LastUpgradeCheck = 1340;
				TargetAttributes = {
					3E629F3228BCAD86000FBAF9 = {
						CreatedOnToolsVersion = 13.4.1;
					};
				};
			};
			buildConfigurationList = 3E629F2E28BCAD86000FBAF9 /* Build configuration list for PBXProject "WeatherTestTask" */;
			compatibilityVersion = "Xcode 13.0";
			developmentRegion = en;
			hasScannedForEncodings = 0;
			knownRegions = (
				en,
				Base,
			);
			mainGroup = 3E629F2A28BCAD86000FBAF9;
			productRefGroup = 3E629F3428BCAD86000FBAF9 /* Products */;
			projectDirPath = "";
			projectRoot = "";
			targets = (
				3E629F3228BCAD86000FBAF9 /* WeatherTestTask */,
			);
		};
/* End PBXProject section */

/* Begin PBXResourcesBuildPhase section */
		3E629F3128BCAD86000FBAF9 /* Resources */ = {
			isa = PBXResourcesBuildPhase;
			buildActionMask = 2147483647;
			files = (
				3E629F4328BCAD88000FBAF9 /* LaunchScreen.storyboard in Resources */,
				3E629F4028BCAD88000FBAF9 /* Assets.xcassets in Resources */,
				3E629F3E28BCAD86000FBAF9 /* Main.storyboard in Resources */,
			);
			runOnlyForDeploymentPostprocessing = 0;
		};
/* End PBXResourcesBuildPhase section */

/* Begin PBXSourcesBuildPhase section */
		3E629F2F28BCAD86000FBAF9 /* Sources */ = {
			isa = PBXSourcesBuildPhase;
			buildActionMask = 2147483647;
			files = (
				3E629F5928BCEAB2000FBAF9 /* GetCitesWeather.swift in Sources */,
				3E629F3728BCAD86000FBAF9 /* AppDelegate.swift in Sources */,
				3E629F3928BCAD86000FBAF9 /* SceneDelegate.swift in Sources */,
				3E629F5328BCCB98000FBAF9 /* NetworkWeatherManager.swift in Sources */,
				3E629F4B28BCB2B1000FBAF9 /* ListTableVC.swift in Sources */,
				3E629F5528BCCF30000FBAF9 /* WeatherData.swift in Sources */,
				3E629F5B28BD0C4C000FBAF9 /* ListCell.swift in Sources */,
				3E629F5128BCCABB000FBAF9 /* Constant.swift in Sources */,
				3E629F5728BCD692000FBAF9 /* Weather.swift in Sources */,
			);
			runOnlyForDeploymentPostprocessing = 0;
		};
/* End PBXSourcesBuildPhase section */

/* Begin PBXVariantGroup section */
		3E629F3C28BCAD86000FBAF9 /* Main.storyboard */ = {
			isa = PBXVariantGroup;
			children = (
				3E629F3D28BCAD86000FBAF9 /* Base */,
			);
			name = Main.storyboard;
			sourceTree = "<group>";
		};
		3E629F4128BCAD88000FBAF9 /* LaunchScreen.storyboard */ = {
			isa = PBXVariantGroup;
			children = (
				3E629F4228BCAD88000FBAF9 /* Base */,
			);
			name = LaunchScreen.storyboard;
			sourceTree = "<group>";
		};
/* End PBXVariantGroup section */

/* Begin XCBuildConfiguration section */
		3E629F4528BCAD88000FBAF9 /* Debug */ = {
			isa = XCBuildConfiguration;
			buildSettings = {
				ALWAYS_SEARCH_USER_PATHS = NO;
				CLANG_ANALYZER_NONNULL = YES;
				CLANG_ANALYZER_NUMBER_OBJECT_CONVERSION = YES_AGGRESSIVE;
				CLANG_CXX_LANGUAGE_STANDARD = "gnu++17";
				CLANG_ENABLE_MODULES = YES;
				CLANG_ENABLE_OBJC_ARC = YES;
				CLANG_ENABLE_OBJC_WEAK = YES;
				CLANG_WARN_BLOCK_CAPTURE_AUTORELEASING = YES;
				CLANG_WARN_BOOL_CONVERSION = YES;
				CLANG_WARN_COMMA = YES;
				CLANG_WARN_CONSTANT_CONVERSION = YES;
				CLANG_WARN_DEPRECATED_OBJC_IMPLEMENTATIONS = YES;
				CLANG_WARN_DIRECT_OBJC_ISA_USAGE = YES_ERROR;
				CLANG_WARN_DOCUMENTATION_COMMENTS = YES;
				CLANG_WARN_EMPTY_BODY = YES;
				CLANG_WARN_ENUM_CONVERSION = YES;
				CLANG_WARN_INFINITE_RECURSION = YES;
				CLANG_WARN_INT_CONVERSION = YES;
				CLANG_WARN_NON_LITERAL_NULL_CONVERSION = YES;
				CLANG_WARN_OBJC_IMPLICIT_RETAIN_SELF = YES;
				CLANG_WARN_OBJC_LITERAL_CONVERSION = YES;
				CLANG_WARN_OBJC_ROOT_CLASS = YES_ERROR;
				CLANG_WARN_QUOTED_INCLUDE_IN_FRAMEWORK_HEADER = YES;
				CLANG_WARN_RANGE_LOOP_ANALYSIS = YES;
				CLANG_WARN_STRICT_PROTOTYPES = YES;
				CLANG_WARN_SUSPICIOUS_MOVE = YES;
				CLANG_WARN_UNGUARDED_AVAILABILITY = YES_AGGRESSIVE;
				CLANG_WARN_UNREACHABLE_CODE = YES;
				CLANG_WARN__DUPLICATE_METHOD_MATCH = YES;
				COPY_PHASE_STRIP = NO;
				DEBUG_INFORMATION_FORMAT = dwarf;
				ENABLE_STRICT_OBJC_MSGSEND = YES;
				ENABLE_TESTABILITY = YES;
				GCC_C_LANGUAGE_STANDARD = gnu11;
				GCC_DYNAMIC_NO_PIC = NO;
				GCC_NO_COMMON_BLOCKS = YES;
				GCC_OPTIMIZATION_LEVEL = 0;
				GCC_PREPROCESSOR_DEFINITIONS = (
					"DEBUG=1",
					"$(inherited)",
				);
				GCC_WARN_64_TO_32_BIT_CONVERSION = YES;
				GCC_WARN_ABOUT_RETURN_TYPE = YES_ERROR;
				GCC_WARN_UNDECLARED_SELECTOR = YES;
				GCC_WARN_UNINITIALIZED_AUTOS = YES_AGGRESSIVE;
				GCC_WARN_UNUSED_FUNCTION = YES;
				GCC_WARN_UNUSED_VARIABLE = YES;
				IPHONEOS_DEPLOYMENT_TARGET = 15.5;
				MTL_ENABLE_DEBUG_INFO = INCLUDE_SOURCE;
				MTL_FAST_MATH = YES;
				ONLY_ACTIVE_ARCH = YES;
				SDKROOT = iphoneos;
				SWIFT_ACTIVE_COMPILATION_CONDITIONS = DEBUG;
				SWIFT_OPTIMIZATION_LEVEL = "-Onone";
			};
			name = Debug;
		};
		3E629F4628BCAD88000FBAF9 /* Release */ = {
			isa = XCBuildConfiguration;
			buildSettings = {
				ALWAYS_SEARCH_USER_PATHS = NO;
				CLANG_ANALYZER_NONNULL = YES;
				CLANG_ANALYZER_NUMBER_OBJECT_CONVERSION = YES_AGGRESSIVE;
				CLANG_CXX_LANGUAGE_STANDARD = "gnu++17";
				CLANG_ENABLE_MODULES = YES;
				CLANG_ENABLE_OBJC_ARC = YES;
				CLANG_ENABLE_OBJC_WEAK = YES;
				CLANG_WARN_BLOCK_CAPTURE_AUTORELEASING = YES;
				CLANG_WARN_BOOL_CONVERSION = YES;
				CLANG_WARN_COMMA = YES;
				CLANG_WARN_CONSTANT_CONVERSION = YES;
				CLANG_WARN_DEPRECATED_OBJC_IMPLEMENTATIONS = YES;
				CLANG_WARN_DIRECT_OBJC_ISA_USAGE = YES_ERROR;
				CLANG_WARN_DOCUMENTATION_COMMENTS = YES;
				CLANG_WARN_EMPTY_BODY = YES;
				CLANG_WARN_ENUM_CONVERSION = YES;
				CLANG_WARN_INFINITE_RECURSION = YES;
				CLANG_WARN_INT_CONVERSION = YES;
				CLANG_WARN_NON_LITERAL_NULL_CONVERSION = YES;
				CLANG_WARN_OBJC_IMPLICIT_RETAIN_SELF = YES;
				CLANG_WARN_OBJC_LITERAL_CONVERSION = YES;
				CLANG_WARN_OBJC_ROOT_CLASS = YES_ERROR;
				CLANG_WARN_QUOTED_INCLUDE_IN_FRAMEWORK_HEADER = YES;
				CLANG_WARN_RANGE_LOOP_ANALYSIS = YES;
				CLANG_WARN_STRICT_PROTOTYPES = YES;
				CLANG_WARN_SUSPICIOUS_MOVE = YES;
				CLANG_WARN_UNGUARDED_AVAILABILITY = YES_AGGRESSIVE;
				CLANG_WARN_UNREACHABLE_CODE = YES;
				CLANG_WARN__DUPLICATE_METHOD_MATCH = YES;
				COPY_PHASE_STRIP = NO;
				DEBUG_INFORMATION_FORMAT = "dwarf-with-dsym";
				ENABLE_NS_ASSERTIONS = NO;
				ENABLE_STRICT_OBJC_MSGSEND = YES;
				GCC_C_LANGUAGE_STANDARD = gnu11;
				GCC_NO_COMMON_BLOCKS = YES;
				GCC_WARN_64_TO_32_BIT_CONVERSION = YES;
				GCC_WARN_ABOUT_RETURN_TYPE = YES_ERROR;
				GCC_WARN_UNDECLARED_SELECTOR = YES;
				GCC_WARN_UNINITIALIZED_AUTOS = YES_AGGRESSIVE;
				GCC_WARN_UNUSED_FUNCTION = YES;
				GCC_WARN_UNUSED_VARIABLE = YES;
				IPHONEOS_DEPLOYMENT_TARGET = 15.5;
				MTL_ENABLE_DEBUG_INFO = NO;
				MTL_FAST_MATH = YES;
				SDKROOT = iphoneos;
				SWIFT_COMPILATION_MODE = wholemodule;
				SWIFT_OPTIMIZATION_LEVEL = "-O";
				VALIDATE_PRODUCT = YES;
			};
			name = Release;
		};
		3E629F4828BCAD88000FBAF9 /* Debug */ = {
			isa = XCBuildConfiguration;
			buildSettings = {
				ASSETCATALOG_COMPILER_APPICON_NAME = AppIcon;
				ASSETCATALOG_COMPILER_GLOBAL_ACCENT_COLOR_NAME = AccentColor;
				CODE_SIGN_STYLE = Automatic;
				CURRENT_PROJECT_VERSION = 1;
				DEVELOPMENT_TEAM = 88684T2Y82;
				GENERATE_INFOPLIST_FILE = YES;
				INFOPLIST_FILE = WeatherTestTask/Info.plist;
				INFOPLIST_KEY_UIApplicationSupportsIndirectInputEvents = YES;
				INFOPLIST_KEY_UILaunchStoryboardName = LaunchScreen;
				INFOPLIST_KEY_UIMainStoryboardFile = Main;
				INFOPLIST_KEY_UISupportedInterfaceOrientations_iPad = "UIInterfaceOrientationPortrait UIInterfaceOrientationPortraitUpsideDown UIInterfaceOrientationLandscapeLeft UIInterfaceOrientationLandscapeRight";
				INFOPLIST_KEY_UISupportedInterfaceOrientations_iPhone = "UIInterfaceOrientationPortrait UIInterfaceOrientationLandscapeLeft UIInterfaceOrientationLandscapeRight";
				IPHONEOS_DEPLOYMENT_TARGET = 13.6;
				LD_RUNPATH_SEARCH_PATHS = (
					"$(inherited)",
					"@executable_path/Frameworks",
				);
				MARKETING_VERSION = 1.0;
				PRODUCT_BUNDLE_IDENTIFIER = com.WeatherTestTask;
				PRODUCT_NAME = "$(TARGET_NAME)";
				SWIFT_EMIT_LOC_STRINGS = YES;
				SWIFT_VERSION = 5.0;
				TARGETED_DEVICE_FAMILY = "1,2";
			};
			name = Debug;
		};
		3E629F4928BCAD88000FBAF9 /* Release */ = {
			isa = XCBuildConfiguration;
			buildSettings = {
				ASSETCATALOG_COMPILER_APPICON_NAME = AppIcon;
				ASSETCATALOG_COMPILER_GLOBAL_ACCENT_COLOR_NAME = AccentColor;
				CODE_SIGN_STYLE = Automatic;
				CURRENT_PROJECT_VERSION = 1;
				DEVELOPMENT_TEAM = 88684T2Y82;
				GENERATE_INFOPLIST_FILE = YES;
				INFOPLIST_FILE = WeatherTestTask/Info.plist;
				INFOPLIST_KEY_UIApplicationSupportsIndirectInputEvents = YES;
				INFOPLIST_KEY_UILaunchStoryboardName = LaunchScreen;
				INFOPLIST_KEY_UIMainStoryboardFile = Main;
				INFOPLIST_KEY_UISupportedInterfaceOrientations_iPad = "UIInterfaceOrientationPortrait UIInterfaceOrientationPortraitUpsideDown UIInterfaceOrientationLandscapeLeft UIInterfaceOrientationLandscapeRight";
				INFOPLIST_KEY_UISupportedInterfaceOrientations_iPhone = "UIInterfaceOrientationPortrait UIInterfaceOrientationLandscapeLeft UIInterfaceOrientationLandscapeRight";
				IPHONEOS_DEPLOYMENT_TARGET = 13.6;
				LD_RUNPATH_SEARCH_PATHS = (
					"$(inherited)",
					"@executable_path/Frameworks",
				);
				MARKETING_VERSION = 1.0;
				PRODUCT_BUNDLE_IDENTIFIER = com.WeatherTestTask;
				PRODUCT_NAME = "$(TARGET_NAME)";
				SWIFT_EMIT_LOC_STRINGS = YES;
				SWIFT_VERSION = 5.0;
				TARGETED_DEVICE_FAMILY = "1,2";
			};
			name = Release;
		};
/* End XCBuildConfiguration section */

/* Begin XCConfigurationList section */
		3E629F2E28BCAD86000FBAF9 /* Build configuration list for PBXProject "WeatherTestTask" */ = {
			isa = XCConfigurationList;
			buildConfigurations = (
				3E629F4528BCAD88000FBAF9 /* Debug */,
				3E629F4628BCAD88000FBAF9 /* Release */,
			);
			defaultConfigurationIsVisible = 0;
			defaultConfigurationName = Release;
		};
		3E629F4728BCAD88000FBAF9 /* Build configuration list for PBXNativeTarget "WeatherTestTask" */ = {
			isa = XCConfigurationList;
			buildConfigurations = (
				3E629F4828BCAD88000FBAF9 /* Debug */,
				3E629F4928BCAD88000FBAF9 /* Release */,
			);
			defaultConfigurationIsVisible = 0;
			defaultConfigurationName = Release;
		};
/* End XCConfigurationList section */
	};
	rootObject = 3E629F2B28BCAD86000FBAF9 /* Project object */;
}
